
Microsoft Visual Studio Solution File, Format Version 12.00
# Visual Studio Version 16
VisualStudioVersion = 16.0.30406.217
MinimumVisualStudioVersion = 10.0.40219.1
Project("{FAE04EC0-301F-11D3-BF4B-00C04F79EFBC}") = "ShoppingAdventure", "ShoppingAdventure\ShoppingAdventure.csproj", "{D6A2A9AF-D580-4958-99D4-E95ECF2FB89C}"
EndProject
Global
	GlobalSection(SolutionConfigurationPlatforms) = preSolution
		Debug|Any CPU = Debug|Any CPU
		Release|Any CPU = Release|Any CPU
	EndGlobalSection
	GlobalSection(ProjectConfigurationPlatforms) = postSolution
		{D6A2A9AF-D580-4958-99D4-E95ECF2FB89C}.Debug|Any CPU.ActiveCfg = Debug|Any CPU
		{D6A2A9AF-D580-4958-99D4-E95ECF2FB89C}.Debug|Any CPU.Build.0 = Debug|Any CPU
		{D6A2A9AF-D580-4958-99D4-E95ECF2FB89C}.Release|Any CPU.ActiveCfg = Release|Any CPU
		{D6A2A9AF-D580-4958-99D4-E95ECF2FB89C}.Release|Any CPU.Build.0 = Release|Any CPU
	EndGlobalSection
	GlobalSection(SolutionProperties) = preSolution
		HideSolutionNode = FALSE
	EndGlobalSection
	GlobalSection(ExtensibilityGlobals) = postSolution
		SolutionGuid = {BFC50647-7D2B-44AE-A6BB-D5B4FE60E035}
	EndGlobalSection
EndGlobal
